// !$*UTF8*$!
{
	archiveVersion = 1;
	classes = {
	};
	objectVersion = 77;
	objects = {

/* Begin PBXContainerItemProxy section */
		42C96D2B2D5AE5DB00D09092 /* PBXContainerItemProxy */ = {
			isa = PBXContainerItemProxy;
			containerPortal = 42C96D102D5AE5DA00D09092 /* Project object */;
			proxyType = 1;
			remoteGlobalIDString = 42C96D172D5AE5DA00D09092;
			remoteInfo = ProClass;
		};
		42C96D352D5AE5DB00D09092 /* PBXContainerItemProxy */ = {
			isa = PBXContainerItemProxy;
			containerPortal = 42C96D102D5AE5DA00D09092 /* Project object */;
			proxyType = 1;
			remoteGlobalIDString = 42C96D172D5AE5DA00D09092;
			remoteInfo = ProClass;
		};
/* End PBXContainerItemProxy section */

/* Begin PBXFileReference section */
		42C96D182D5AE5DA00D09092 /* ProClass.app */ = {isa = PBXFileReference; explicitFileType = wrapper.application; includeInIndex = 0; path = ProClass.app; sourceTree = BUILT_PRODUCTS_DIR; };
		42C96D2A2D5AE5DB00D09092 /* ProClassTests.xctest */ = {isa = PBXFileReference; explicitFileType = wrapper.cfbundle; includeInIndex = 0; path = ProClassTests.xctest; sourceTree = BUILT_PRODUCTS_DIR; };
		42C96D342D5AE5DB00D09092 /* ProClassUITests.xctest */ = {isa = PBXFileReference; explicitFileType = wrapper.cfbundle; includeInIndex = 0; path = ProClassUITests.xctest; sourceTree = BUILT_PRODUCTS_DIR; };
/* End PBXFileReference section */

/* Begin PBXFileSystemSynchronizedRootGroup section */
		42C96D1A2D5AE5DA00D09092 /* ProClass */ = {
			isa = PBXFileSystemSynchronizedRootGroup;
			path = ProClass;
			sourceTree = "<group>";
		};
		42C96D2D2D5AE5DB00D09092 /* ProClassTests */ = {
			isa = PBXFileSystemSynchronizedRootGroup;
			path = ProClassTests;
			sourceTree = "<group>";
		};
		42C96D372D5AE5DB00D09092 /* ProClassUITests */ = {
			isa = PBXFileSystemSynchronizedRootGroup;
			path = ProClassUITests;
			sourceTree = "<group>";
		};
/* End PBXFileSystemSynchronizedRootGroup section */

/* Begin PBXFrameworksBuildPhase section */
		42C96D152D5AE5DA00D09092 /* Frameworks */ = {
			isa = PBXFrameworksBuildPhase;
			buildActionMask = 2147483647;
			files = (
			);
			runOnlyForDeploymentPostprocessing = 0;
		};
		42C96D272D5AE5DB00D09092 /* Frameworks */ = {
			isa = PBXFrameworksBuildPhase;
			buildActionMask = 2147483647;
			files = (
			);
			runOnlyForDeploymentPostprocessing = 0;
		};
		42C96D312D5AE5DB00D09092 /* Frameworks */ = {
			isa = PBXFrameworksBuildPhase;
			buildActionMask = 2147483647;
			files = (
			);
			runOnlyForDeploymentPostprocessing = 0;
		};
/* End PBXFrameworksBuildPhase section */

/* Begin PBXGroup section */
		42C96D0F2D5AE5DA00D09092 = {
			isa = PBXGroup;
			children = (
				42C96D1A2D5AE5DA00D09092 /* ProClass */,
				42C96D2D2D5AE5DB00D09092 /* ProClassTests */,
				42C96D372D5AE5DB00D09092 /* ProClassUITests */,
				42C96D192D5AE5DA00D09092 /* Products */,
			);
			sourceTree = "<group>";
		};
		42C96D192D5AE5DA00D09092 /* Products */ = {
			isa = PBXGroup;
			children = (
				42C96D182D5AE5DA00D09092 /* ProClass.app */,
				42C96D2A2D5AE5DB00D09092 /* ProClassTests.xctest */,
				42C96D342D5AE5DB00D09092 /* ProClassUITests.xctest */,
			);
			name = Products;
			sourceTree = "<group>";
		};
/* End PBXGroup section */

/* Begin PBXNativeTarget section */
		42C96D172D5AE5DA00D09092 /* ProClass */ = {
			isa = PBXNativeTarget;
			buildConfigurationList = 42C96D3E2D5AE5DB00D09092 /* Build configuration list for PBXNativeTarget "ProClass" */;
			buildPhases = (
				42C96D142D5AE5DA00D09092 /* Sources */,
				42C96D152D5AE5DA00D09092 /* Frameworks */,
				42C96D162D5AE5DA00D09092 /* Resources */,
			);
			buildRules = (
			);
			dependencies = (
			);
			fileSystemSynchronizedGroups = (
				42C96D1A2D5AE5DA00D09092 /* ProClass */,
			);
			name = ProClass;
			packageProductDependencies = (
			);
			productName = ProClass;
			productReference = 42C96D182D5AE5DA00D09092 /* ProClass.app */;
			productType = "com.apple.product-type.application";
		};
		42C96D292D5AE5DB00D09092 /* ProClassTests */ = {
			isa = PBXNativeTarget;
			buildConfigurationList = 42C96D412D5AE5DB00D09092 /* Build configuration list for PBXNativeTarget "ProClassTests" */;
			buildPhases = (
				42C96D262D5AE5DB00D09092 /* Sources */,
				42C96D272D5AE5DB00D09092 /* Frameworks */,
				42C96D282D5AE5DB00D09092 /* Resources */,
			);
			buildRules = (
			);
			dependencies = (
				42C96D2C2D5AE5DB00D09092 /* PBXTargetDependency */,
			);
			fileSystemSynchronizedGroups = (
				42C96D2D2D5AE5DB00D09092 /* ProClassTests */,
			);
			name = ProClassTests;
			packageProductDependencies = (
			);
			productName = ProClassTests;
			productReference = 42C96D2A2D5AE5DB00D09092 /* ProClassTests.xctest */;
			productType = "com.apple.product-type.bundle.unit-test";
		};
		42C96D332D5AE5DB00D09092 /* ProClassUITests */ = {
			isa = PBXNativeTarget;
			buildConfigurationList = 42C96D442D5AE5DB00D09092 /* Build configuration list for PBXNativeTarget "ProClassUITests" */;
			buildPhases = (
				42C96D302D5AE5DB00D09092 /* Sources */,
				42C96D312D5AE5DB00D09092 /* Frameworks */,
				42C96D322D5AE5DB00D09092 /* Resources */,
			);
			buildRules = (
			);
			dependencies = (
				42C96D362D5AE5DB00D09092 /* PBXTargetDependency */,
			);
			fileSystemSynchronizedGroups = (
				42C96D372D5AE5DB00D09092 /* ProClassUITests */,
			);
			name = ProClassUITests;
			packageProductDependencies = (
			);
			productName = ProClassUITests;
			productReference = 42C96D342D5AE5DB00D09092 /* ProClassUITests.xctest */;
			productType = "com.apple.product-type.bundle.ui-testing";
		};
/* End PBXNativeTarget section */

/* Begin PBXProject section */
		42C96D102D5AE5DA00D09092 /* Project object */ = {
			isa = PBXProject;
			attributes = {
				BuildIndependentTargetsInParallel = 1;
				LastSwiftUpdateCheck = 1620;
				LastUpgradeCheck = 1620;
				TargetAttributes = {
					42C96D172D5AE5DA00D09092 = {
						CreatedOnToolsVersion = 16.2;
					};
					42C96D292D5AE5DB00D09092 = {
						CreatedOnToolsVersion = 16.2;
						TestTargetID = 42C96D172D5AE5DA00D09092;
					};
					42C96D332D5AE5DB00D09092 = {
						CreatedOnToolsVersion = 16.2;
						TestTargetID = 42C96D172D5AE5DA00D09092;
					};
				};
			};
			buildConfigurationList = 42C96D132D5AE5DA00D09092 /* Build configuration list for PBXProject "ProClass" */;
			developmentRegion = en;
			hasScannedForEncodings = 0;
			knownRegions = (
				en,
				Base,
			);
			mainGroup = 42C96D0F2D5AE5DA00D09092;
			minimizedProjectReferenceProxies = 1;
			preferredProjectObjectVersion = 77;
			productRefGroup = 42C96D192D5AE5DA00D09092 /* Products */;
			projectDirPath = "";
			projectRoot = "";
			targets = (
				42C96D172D5AE5DA00D09092 /* ProClass */,
				42C96D292D5AE5DB00D09092 /* ProClassTests */,
				42C96D332D5AE5DB00D09092 /* ProClassUITests */,
			);
		};
/* End PBXProject section */

/* Begin PBXResourcesBuildPhase section */
		42C96D162D5AE5DA00D09092 /* Resources */ = {
			isa = PBXResourcesBuildPhase;
			buildActionMask = 2147483647;
			files = (
			);
			runOnlyForDeploymentPostprocessing = 0;
		};
		42C96D282D5AE5DB00D09092 /* Resources */ = {
			isa = PBXResourcesBuildPhase;
			buildActionMask = 2147483647;
			files = (
			);
			runOnlyForDeploymentPostprocessing = 0;
		};
		42C96D322D5AE5DB00D09092 /* Resources */ = {
			isa = PBXResourcesBuildPhase;
			buildActionMask = 2147483647;
			files = (
			);
			runOnlyForDeploymentPostprocessing = 0;
		};
/* End PBXResourcesBuildPhase section */

/* Begin PBXSourcesBuildPhase section */
		42C96D142D5AE5DA00D09092 /* Sources */ = {
			isa = PBXSourcesBuildPhase;
			buildActionMask = 2147483647;
			files = (
			);
			runOnlyForDeploymentPostprocessing = 0;
		};
		42C96D262D5AE5DB00D09092 /* Sources */ = {
			isa = PBXSourcesBuildPhase;
			buildActionMask = 2147483647;
			files = (
			);
			runOnlyForDeploymentPostprocessing = 0;
		};
		42C96D302D5AE5DB00D09092 /* Sources */ = {
			isa = PBXSourcesBuildPhase;
			buildActionMask = 2147483647;
			files = (
			);
			runOnlyForDeploymentPostprocessing = 0;
		};
/* End PBXSourcesBuildPhase section */

/* Begin PBXTargetDependency section */
		42C96D2C2D5AE5DB00D09092 /* PBXTargetDependency */ = {
			isa = PBXTargetDependency;
			target = 42C96D172D5AE5DA00D09092 /* ProClass */;
			targetProxy = 42C96D2B2D5AE5DB00D09092 /* PBXContainerItemProxy */;
		};
		42C96D362D5AE5DB00D09092 /* PBXTargetDependency */ = {
			isa = PBXTargetDependency;
			target = 42C96D172D5AE5DA00D09092 /* ProClass */;
			targetProxy = 42C96D352D5AE5DB00D09092 /* PBXContainerItemProxy */;
		};
/* End PBXTargetDependency section */

/* Begin XCBuildConfiguration section */
		42C96D3C2D5AE5DB00D09092 /* Debug */ = {
			isa = XCBuildConfiguration;
			buildSettings = {
				ALWAYS_SEARCH_USER_PATHS = NO;
				ASSETCATALOG_COMPILER_GENERATE_SWIFT_ASSET_SYMBOL_EXTENSIONS = YES;
				CLANG_ANALYZER_NONNULL = YES;
				CLANG_ANALYZER_NUMBER_OBJECT_CONVERSION = YES_AGGRESSIVE;
				CLANG_CXX_LANGUAGE_STANDARD = "gnu++20";
				CLANG_ENABLE_MODULES = YES;
				CLANG_ENABLE_OBJC_ARC = YES;
				CLANG_ENABLE_OBJC_WEAK = YES;
				CLANG_WARN_BLOCK_CAPTURE_AUTORELEASING = YES;
				CLANG_WARN_BOOL_CONVERSION = YES;
				CLANG_WARN_COMMA = YES;
				CLANG_WARN_CONSTANT_CONVERSION = YES;
				CLANG_WARN_DEPRECATED_OBJC_IMPLEMENTATIONS = YES;
				CLANG_WARN_DIRECT_OBJC_ISA_USAGE = YES_ERROR;
				CLANG_WARN_DOCUMENTATION_COMMENTS = YES;
				CLANG_WARN_EMPTY_BODY = YES;
				CLANG_WARN_ENUM_CONVERSION = YES;
				CLANG_WARN_INFINITE_RECURSION = YES;
				CLANG_WARN_INT_CONVERSION = YES;
				CLANG_WARN_NON_LITERAL_NULL_CONVERSION = YES;
				CLANG_WARN_OBJC_IMPLICIT_RETAIN_SELF = YES;
				CLANG_WARN_OBJC_LITERAL_CONVERSION = YES;
				CLANG_WARN_OBJC_ROOT_CLASS = YES_ERROR;
				CLANG_WARN_QUOTED_INCLUDE_IN_FRAMEWORK_HEADER = YES;
				CLANG_WARN_RANGE_LOOP_ANALYSIS = YES;
				CLANG_WARN_STRICT_PROTOTYPES = YES;
				CLANG_WARN_SUSPICIOUS_MOVE = YES;
				CLANG_WARN_UNGUARDED_AVAILABILITY = YES_AGGRESSIVE;
				CLANG_WARN_UNREACHABLE_CODE = YES;
				CLANG_WARN__DUPLICATE_METHOD_MATCH = YES;
				COPY_PHASE_STRIP = NO;
				DEBUG_INFORMATION_FORMAT = dwarf;
				ENABLE_STRICT_OBJC_MSGSEND = YES;
				ENABLE_TESTABILITY = YES;
				ENABLE_USER_SCRIPT_SANDBOXING = YES;
				GCC_C_LANGUAGE_STANDARD = gnu17;
				GCC_DYNAMIC_NO_PIC = NO;
				GCC_NO_COMMON_BLOCKS = YES;
				GCC_OPTIMIZATION_LEVEL = 0;
				GCC_PREPROCESSOR_DEFINITIONS = (
					"DEBUG=1",
					"$(inherited)",
				);
				GCC_WARN_64_TO_32_BIT_CONVERSION = YES;
				GCC_WARN_ABOUT_RETURN_TYPE = YES_ERROR;
				GCC_WARN_UNDECLARED_SELECTOR = YES;
				GCC_WARN_UNINITIALIZED_AUTOS = YES_AGGRESSIVE;
				GCC_WARN_UNUSED_FUNCTION = YES;
				GCC_WARN_UNUSED_VARIABLE = YES;
				IPHONEOS_DEPLOYMENT_TARGET = 18.2;
				LOCALIZATION_PREFERS_STRING_CATALOGS = YES;
				MTL_ENABLE_DEBUG_INFO = INCLUDE_SOURCE;
				MTL_FAST_MATH = YES;
				ONLY_ACTIVE_ARCH = YES;
				SDKROOT = iphoneos;
				SWIFT_ACTIVE_COMPILATION_CONDITIONS = "DEBUG $(inherited)";
				SWIFT_OPTIMIZATION_LEVEL = "-Onone";
			};
			name = Debug;
		};
		42C96D3D2D5AE5DB00D09092 /* Release */ = {
			isa = XCBuildConfiguration;
			buildSettings = {
				ALWAYS_SEARCH_USER_PATHS = NO;
				ASSETCATALOG_COMPILER_GENERATE_SWIFT_ASSET_SYMBOL_EXTENSIONS = YES;
				CLANG_ANALYZER_NONNULL = YES;
				CLANG_ANALYZER_NUMBER_OBJECT_CONVERSION = YES_AGGRESSIVE;
				CLANG_CXX_LANGUAGE_STANDARD = "gnu++20";
				CLANG_ENABLE_MODULES = YES;
				CLANG_ENABLE_OBJC_ARC = YES;
				CLANG_ENABLE_OBJC_WEAK = YES;
				CLANG_WARN_BLOCK_CAPTURE_AUTORELEASING = YES;
				CLANG_WARN_BOOL_CONVERSION = YES;
				CLANG_WARN_COMMA = YES;
				CLANG_WARN_CONSTANT_CONVERSION = YES;
				CLANG_WARN_DEPRECATED_OBJC_IMPLEMENTATIONS = YES;
				CLANG_WARN_DIRECT_OBJC_ISA_USAGE = YES_ERROR;
				CLANG_WARN_DOCUMENTATION_COMMENTS = YES;
				CLANG_WARN_EMPTY_BODY = YES;
				CLANG_WARN_ENUM_CONVERSION = YES;
				CLANG_WARN_INFINITE_RECURSION = YES;
				CLANG_WARN_INT_CONVERSION = YES;
				CLANG_WARN_NON_LITERAL_NULL_CONVERSION = YES;
				CLANG_WARN_OBJC_IMPLICIT_RETAIN_SELF = YES;
				CLANG_WARN_OBJC_LITERAL_CONVERSION = YES;
				CLANG_WARN_OBJC_ROOT_CLASS = YES_ERROR;
				CLANG_WARN_QUOTED_INCLUDE_IN_FRAMEWORK_HEADER = YES;
				CLANG_WARN_RANGE_LOOP_ANALYSIS = YES;
				CLANG_WARN_STRICT_PROTOTYPES = YES;
				CLANG_WARN_SUSPICIOUS_MOVE = YES;
				CLANG_WARN_UNGUARDED_AVAILABILITY = YES_AGGRESSIVE;
				CLANG_WARN_UNREACHABLE_CODE = YES;
				CLANG_WARN__DUPLICATE_METHOD_MATCH = YES;
				COPY_PHASE_STRIP = NO;
				DEBUG_INFORMATION_FORMAT = "dwarf-with-dsym";
				ENABLE_NS_ASSERTIONS = NO;
				ENABLE_STRICT_OBJC_MSGSEND = YES;
				ENABLE_USER_SCRIPT_SANDBOXING = YES;
				GCC_C_LANGUAGE_STANDARD = gnu17;
				GCC_NO_COMMON_BLOCKS = YES;
				GCC_WARN_64_TO_32_BIT_CONVERSION = YES;
				GCC_WARN_ABOUT_RETURN_TYPE = YES_ERROR;
				GCC_WARN_UNDECLARED_SELECTOR = YES;
				GCC_WARN_UNINITIALIZED_AUTOS = YES_AGGRESSIVE;
				GCC_WARN_UNUSED_FUNCTION = YES;
				GCC_WARN_UNUSED_VARIABLE = YES;
				IPHONEOS_DEPLOYMENT_TARGET = 18.2;
				LOCALIZATION_PREFERS_STRING_CATALOGS = YES;
				MTL_ENABLE_DEBUG_INFO = NO;
				MTL_FAST_MATH = YES;
				SDKROOT = iphoneos;
				SWIFT_COMPILATION_MODE = wholemodule;
				VALIDATE_PRODUCT = YES;
			};
			name = Release;
		};
		42C96D3F2D5AE5DB00D09092 /* Debug */ = {
			isa = XCBuildConfiguration;
			buildSettings = {
				ASSETCATALOG_COMPILER_APPICON_NAME = AppIcon;
				ASSETCATALOG_COMPILER_GLOBAL_ACCENT_COLOR_NAME = AccentColor;
				CODE_SIGN_STYLE = Automatic;
				CURRENT_PROJECT_VERSION = 1;
				DEVELOPMENT_ASSET_PATHS = "\"ProClass/Preview Content\"";
				DEVELOPMENT_TEAM = 9A8JR77ZG2;
				ENABLE_PREVIEWS = YES;
				GENERATE_INFOPLIST_FILE = YES;
				INFOPLIST_KEY_UIApplicationSceneManifest_Generation = YES;
				INFOPLIST_KEY_UIApplicationSupportsIndirectInputEvents = YES;
				INFOPLIST_KEY_UILaunchScreen_Generation = YES;
				INFOPLIST_KEY_UISupportedInterfaceOrientations_iPad = "UIInterfaceOrientationPortrait UIInterfaceOrientationPortraitUpsideDown UIInterfaceOrientationLandscapeLeft UIInterfaceOrientationLandscapeRight";
				INFOPLIST_KEY_UISupportedInterfaceOrientations_iPhone = "UIInterfaceOrientationPortrait UIInterfaceOrientationLandscapeLeft UIInterfaceOrientationLandscapeRight";
				LD_RUNPATH_SEARCH_PATHS = (
					"$(inherited)",
					"@executable_path/Frameworks",
				);
				MARKETING_VERSION = 1.0;
				PRODUCT_BUNDLE_IDENTIFIER = HumanAgain.ProClass;
				PRODUCT_NAME = "$(TARGET_NAME)";
				SWIFT_EMIT_LOC_STRINGS = YES;
				SWIFT_VERSION = 5.0;
				TARGETED_DEVICE_FAMILY = "1,2";
			};
			name = Debug;
		};
		42C96D402D5AE5DB00D09092 /* Release */ = {
			isa = XCBuildConfiguration;
			buildSettings = {
				ASSETCATALOG_COMPILER_APPICON_NAME = AppIcon;
				ASSETCATALOG_COMPILER_GLOBAL_ACCENT_COLOR_NAME = AccentColor;
				CODE_SIGN_STYLE = Automatic;
				CURRENT_PROJECT_VERSION = 1;
				DEVELOPMENT_ASSET_PATHS = "\"ProClass/Preview Content\"";
				DEVELOPMENT_TEAM = 9A8JR77ZG2;
				ENABLE_PREVIEWS = YES;
				GENERATE_INFOPLIST_FILE = YES;
				INFOPLIST_KEY_UIApplicationSceneManifest_Generation = YES;
				INFOPLIST_KEY_UIApplicationSupportsIndirectInputEvents = YES;
				INFOPLIST_KEY_UILaunchScreen_Generation = YES;
				INFOPLIST_KEY_UISupportedInterfaceOrientations_iPad = "UIInterfaceOrientationPortrait UIInterfaceOrientationPortraitUpsideDown UIInterfaceOrientationLandscapeLeft UIInterfaceOrientationLandscapeRight";
				INFOPLIST_KEY_UISupportedInterfaceOrientations_iPhone = "UIInterfaceOrientationPortrait UIInterfaceOrientationLandscapeLeft UIInterfaceOrientationLandscapeRight";
				LD_RUNPATH_SEARCH_PATHS = (
					"$(inherited)",
					"@executable_path/Frameworks",
				);
				MARKETING_VERSION = 1.0;
				PRODUCT_BUNDLE_IDENTIFIER = HumanAgain.ProClass;
				PRODUCT_NAME = "$(TARGET_NAME)";
				SWIFT_EMIT_LOC_STRINGS = YES;
				SWIFT_VERSION = 5.0;
				TARGETED_DEVICE_FAMILY = "1,2";
			};
			name = Release;
		};
		42C96D422D5AE5DB00D09092 /* Debug */ = {
			isa = XCBuildConfiguration;
			buildSettings = {
				BUNDLE_LOADER = "$(TEST_HOST)";
				CODE_SIGN_STYLE = Automatic;
				CURRENT_PROJECT_VERSION = 1;
				DEVELOPMENT_TEAM = 9A8JR77ZG2;
				GENERATE_INFOPLIST_FILE = YES;
				IPHONEOS_DEPLOYMENT_TARGET = 18.2;
				MARKETING_VERSION = 1.0;
				PRODUCT_BUNDLE_IDENTIFIER = HumanAgain.ProClassTests;
				PRODUCT_NAME = "$(TARGET_NAME)";
				SWIFT_EMIT_LOC_STRINGS = NO;
				SWIFT_VERSION = 5.0;
				TARGETED_DEVICE_FAMILY = "1,2";
				TEST_HOST = "$(BUILT_PRODUCTS_DIR)/ProClass.app/$(BUNDLE_EXECUTABLE_FOLDER_PATH)/ProClass";
			};
			name = Debug;
		};
		42C96D432D5AE5DB00D09092 /* Release */ = {
			isa = XCBuildConfiguration;
			buildSettings = {
				BUNDLE_LOADER = "$(TEST_HOST)";
				CODE_SIGN_STYLE = Automatic;
				CURRENT_PROJECT_VERSION = 1;
				DEVELOPMENT_TEAM = 9A8JR77ZG2;
				GENERATE_INFOPLIST_FILE = YES;
				IPHONEOS_DEPLOYMENT_TARGET = 18.2;
				MARKETING_VERSION = 1.0;
				PRODUCT_BUNDLE_IDENTIFIER = HumanAgain.ProClassTests;
				PRODUCT_NAME = "$(TARGET_NAME)";
				SWIFT_EMIT_LOC_STRINGS = NO;
				SWIFT_VERSION = 5.0;
				TARGETED_DEVICE_FAMILY = "1,2";
				TEST_HOST = "$(BUILT_PRODUCTS_DIR)/ProClass.app/$(BUNDLE_EXECUTABLE_FOLDER_PATH)/ProClass";
			};
			name = Release;
		};
		42C96D452D5AE5DB00D09092 /* Debug */ = {
			isa = XCBuildConfiguration;
			buildSettings = {
				CODE_SIGN_STYLE = Automatic;
				CURRENT_PROJECT_VERSION = 1;
				DEVELOPMENT_TEAM = 9A8JR77ZG2;
				GENERATE_INFOPLIST_FILE = YES;
				MARKETING_VERSION = 1.0;
				PRODUCT_BUNDLE_IDENTIFIER = HumanAgain.ProClassUITests;
				PRODUCT_NAME = "$(TARGET_NAME)";
				SWIFT_EMIT_LOC_STRINGS = NO;
				SWIFT_VERSION = 5.0;
				TARGETED_DEVICE_FAMILY = "1,2";
				TEST_TARGET_NAME = ProClass;
			};
			name = Debug;
		};
		42C96D462D5AE5DB00D09092 /* Release */ = {
			isa = XCBuildConfiguration;
			buildSettings = {
				CODE_SIGN_STYLE = Automatic;
				CURRENT_PROJECT_VERSION = 1;
				DEVELOPMENT_TEAM = 9A8JR77ZG2;
				GENERATE_INFOPLIST_FILE = YES;
				MARKETING_VERSION = 1.0;
				PRODUCT_BUNDLE_IDENTIFIER = HumanAgain.ProClassUITests;
				PRODUCT_NAME = "$(TARGET_NAME)";
				SWIFT_EMIT_LOC_STRINGS = NO;
				SWIFT_VERSION = 5.0;
				TARGETED_DEVICE_FAMILY = "1,2";
				TEST_TARGET_NAME = ProClass;
			};
			name = Release;
		};
/* End XCBuildConfiguration section */

/* Begin XCConfigurationList section */
		42C96D132D5AE5DA00D09092 /* Build configuration list for PBXProject "ProClass" */ = {
			isa = XCConfigurationList;
			buildConfigurations = (
				42C96D3C2D5AE5DB00D09092 /* Debug */,
				42C96D3D2D5AE5DB00D09092 /* Release */,
			);
			defaultConfigurationIsVisible = 0;
			defaultConfigurationName = Release;
		};
		42C96D3E2D5AE5DB00D09092 /* Build configuration list for PBXNativeTarget "ProClass" */ = {
			isa = XCConfigurationList;
			buildConfigurations = (
				42C96D3F2D5AE5DB00D09092 /* Debug */,
				42C96D402D5AE5DB00D09092 /* Release */,
			);
			defaultConfigurationIsVisible = 0;
			defaultConfigurationName = Release;
		};
		42C96D412D5AE5DB00D09092 /* Build configuration list for PBXNativeTarget "ProClassTests" */ = {
			isa = XCConfigurationList;
			buildConfigurations = (
				42C96D422D5AE5DB00D09092 /* Debug */,
				42C96D432D5AE5DB00D09092 /* Release */,
			);
			defaultConfigurationIsVisible = 0;
			defaultConfigurationName = Release;
		};
		42C96D442D5AE5DB00D09092 /* Build configuration list for PBXNativeTarget "ProClassUITests" */ = {
			isa = XCConfigurationList;
			buildConfigurations = (
				42C96D452D5AE5DB00D09092 /* Debug */,
				42C96D462D5AE5DB00D09092 /* Release */,
			);
			defaultConfigurationIsVisible = 0;
			defaultConfigurationName = Release;
		};
/* End XCConfigurationList section */
	};
	rootObject = 42C96D102D5AE5DA00D09092 /* Project object */;
}
